{
  "nodes": {
    "cldr": {
      "inputs": {
        "nixpkgs": [
          "nixpkgs"
        ],
        "utils": "utils"
      },
      "locked": {
        "lastModified": 1770316374,
        "narHash": "sha256-rDNg3Gyg1fFsLgDIEh5k3rGGIYXPcUWSIiKJxG7fpcw=",
        "owner": "merle-dev",
        "repo": "cldr",
        "rev": "ba6f6aaaa5a540844c9d75a8a8f9217479c717e2",
        "type": "github"
      },
      "original": {
        "owner": "merle-dev",
        "repo": "cldr",
        "type": "github"
      }
    },
    "cpx": {
      "inputs": {
        "nixpkgs": [
          "nixpkgs"
        ],
        "utils": "utils_2"
      },
      "locked": {
        "lastModified": 1770569999,
        "narHash": "sha256-nqqJRcgiMJALJW0S1HLF8IlTdVEs5HC4roE9NN01QgQ=",
        "owner": "merle-dev",
        "repo": "cpx",
        "rev": "49eef68cccd416a281b61b2f916f247ed523c9ba",
        "type": "github"
      },
      "original": {
        "owner": "merle-dev",
        "repo": "cpx",
        "type": "github"
      }
    },
    "helix": {
      "inputs": {
        "nixpkgs": [
          "nixpkgs"
        ],
        "rust-overlay": "rust-overlay"
      },
      "locked": {
        "lastModified": 1769374890,
        "narHash": "sha256-VyJ0lmRF1BeEFkk/eV7vuYgvO0cCqMcfxZtUnvQDF6I=",
        "owner": "merle-dev",
        "repo": "helix",
        "rev": "b237daac21a21a91eb90798be19bb3bccabc7441",
        "type": "github"
      },
      "original": {
        "owner": "merle-dev",
        "repo": "helix",
        "type": "github"
      }
    },
    "home-manager": {
      "inputs": {
        "nixpkgs": [
          "nixpkgs"
        ]
      },
      "locked": {
        "lastModified": 1770654520,
        "narHash": "sha256-mg5WZMIPGsFu9MxSrUcuJUPMbfMsF77el5yb/7rc10k=",
        "owner": "nix-community",
        "repo": "home-manager",
        "rev": "6c4fdbe1ad198fac36c320fd45c5957324a80b8e",
        "type": "github"
      },
      "original": {
        "owner": "nix-community",
        "repo": "home-manager",
        "type": "github"
      }
    },
    "home-manager_2": {
      "inputs": {
        "nixpkgs": [
          "zen-browser",
          "nixpkgs"
        ]
      },
      "locked": {
        "lastModified": 1769872935,
        "narHash": "sha256-07HMIGQ/WJeAQJooA7Kkg1SDKxhAiV6eodvOwTX6WKI=",
        "owner": "nix-community",
        "repo": "home-manager",
        "rev": "f4ad5068ee8e89e4a7c2e963e10dd35cd77b37b7",
        "type": "github"
      },
      "original": {
        "owner": "nix-community",
        "repo": "home-manager",
        "type": "github"
      }
    },
    "nixpkgs": {
      "locked": {
        "lastModified": 1770464364,
        "narHash": "sha256-z5NJPSBwsLf/OfD8WTmh79tlSU8XgIbwmk6qB1/TFzY=",
        "owner": "nixos",
        "repo": "nixpkgs",
        "rev": "23d72dabcb3b12469f57b37170fcbc1789bd7457",
        "type": "github"
      },
      "original": {
        "owner": "nixos",
        "ref": "nixos-25.11",
        "repo": "nixpkgs",
        "type": "github"
      }
    },
    "noctalia": {
      "inputs": {
        "nixpkgs": [
          "nixpkgs"
        ]
      },
      "locked": {
        "lastModified": 1770663741,
        "narHash": "sha256-WbvQaDozCrJSWCTuAmVFZLJeOtiOjCatBjUmQHipiIQ=",
        "owner": "noctalia-dev",
        "repo": "noctalia-shell",
        "rev": "8b43787ef55f4742c241c33a6b4bd90525e85016",
        "type": "github"
      },
      "original": {
        "owner": "noctalia-dev",
        "repo": "noctalia-shell",
        "type": "github"
      }
    },
    "root": {
      "inputs": {
        "cldr": "cldr",
        "cpx": "cpx",
        "helix": "helix",
        "home-manager": "home-manager",
        "nixpkgs": "nixpkgs",
        "noctalia": "noctalia",
        "zen-browser": "zen-browser"
      }
    },
    "rust-overlay": {
      "inputs": {
        "nixpkgs": [
          "helix",
          "nixpkgs"
        ]
      },
      "locked": {
        "lastModified": 1759631821,
        "narHash": "sha256-V8A1L0FaU/aSXZ1QNJScxC12uP4hANeRBgI4YdhHeRM=",
        "owner": "oxalica",
        "repo": "rust-overlay",
        "rev": "1d7cbdaad90f8a5255a89a6eddd8af24dc89cafe",
        "type": "github"
      },
      "original": {
        "owner": "oxalica",
        "repo": "rust-overlay",
        "type": "github"
      }
    },
    "systems": {
      "locked": {
        "lastModified": 1681028828,
        "narHash": "sha256-Vy1rq5AaRuLzOxct8nz4T6wlgyUR7zLU309k9mBC768=",
        "owner": "nix-systems",
        "repo": "default",
        "rev": "da67096a3b9bf56a91d16901293e51ba5b49a27e",
        "type": "github"
      },
      "original": {
        "owner": "nix-systems",
        "repo": "default",
        "type": "github"
      }
    },
    "systems_2": {
      "locked": {
        "lastModified": 1681028828,
        "narHash": "sha256-Vy1rq5AaRuLzOxct8nz4T6wlgyUR7zLU309k9mBC768=",
        "owner": "nix-systems",
        "repo": "default",
        "rev": "da67096a3b9bf56a91d16901293e51ba5b49a27e",
        "type": "github"
      },
      "original": {
        "owner": "nix-systems",
        "repo": "default",
        "type": "github"
      }
    },
    "utils": {
      "inputs": {
        "systems": "systems"
      },
      "locked": {
        "lastModified": 1731533236,
        "narHash": "sha256-l0KFg5HjrsfsO/JpG+r7fRrqm12kzFHyUHqHCVpMMbI=",
        "owner": "numtide",
        "repo": "flake-utils",
        "rev": "11707dc2f618dd54ca8739b309ec4fc024de578b",
        "type": "github"
      },
      "original": {
        "owner": "numtide",
        "repo": "flake-utils",
        "type": "github"
      }
    },
    "utils_2": {
      "inputs": {
        "systems": "systems_2"
      },
      "locked": {
        "lastModified": 1731533236,
        "narHash": "sha256-l0KFg5HjrsfsO/JpG+r7fRrqm12kzFHyUHqHCVpMMbI=",
        "owner": "numtide",
        "repo": "flake-utils",
        "rev": "11707dc2f618dd54ca8739b309ec4fc024de578b",
        "type": "github"
      },
      "original": {
        "owner": "numtide",
        "repo": "flake-utils",
        "type": "github"
      }
    },
    "zen-browser": {
      "inputs": {
        "home-manager": "home-manager_2",
        "nixpkgs": [
          "nixpkgs"
        ]
      },
      "locked": {
        "lastModified": 1770568363,
        "narHash": "sha256-RJ/C24wN7LyuMmBgvIutA/PqXXceZtJtUCuZSaTjF/4=",
        "owner": "0xc000022070",
        "repo": "zen-browser-flake",
        "rev": "2ada8a826ea88512387a5a17ee96f16369bcdd80",
        "type": "github"
      },
      "original": {
        "owner": "0xc000022070",
        "repo": "zen-browser-flake",
        "type": "github"
      }
    }
  },
  "root": "root",
  "version": 7
}
